
Microsoft Visual Studio Solution File, Format Version 12.00
# Visual Studio Version 16
VisualStudioVersion = 16.0.29806.167
MinimumVisualStudioVersion = 10.0.40219.1
Project("{FAE04EC0-301F-11D3-BF4B-00C04F79EFBC}") = "EventsAndDelegates", "EventsAndDelegates\EventsAndDelegates.csproj", "{12FC2708-43EC-47D1-8AAB-8F09EF6ECA23}"
EndProject
Global
	GlobalSection(SolutionConfigurationPlatforms) = preSolution
		Debug|Any CPU = Debug|Any CPU
		Release|Any CPU = Release|Any CPU
	EndGlobalSection
	GlobalSection(ProjectConfigurationPlatforms) = postSolution
		{12FC2708-43EC-47D1-8AAB-8F09EF6ECA23}.Debug|Any CPU.ActiveCfg = Debug|Any CPU
		{12FC2708-43EC-47D1-8AAB-8F09EF6ECA23}.Debug|Any CPU.Build.0 = Debug|Any CPU
		{12FC2708-43EC-47D1-8AAB-8F09EF6ECA23}.Release|Any CPU.ActiveCfg = Release|Any CPU
		{12FC2708-43EC-47D1-8AAB-8F09EF6ECA23}.Release|Any CPU.Build.0 = Release|Any CPU
	EndGlobalSection
	GlobalSection(SolutionProperties) = preSolution
		HideSolutionNode = FALSE
	EndGlobalSection
	GlobalSection(ExtensibilityGlobals) = postSolution
		SolutionGuid = {7000BEDB-6D53-4A1B-9FD3-F0AE6961D4F2}
	EndGlobalSection
EndGlobal
